
Microsoft Visual Studio Solution File, Format Version 12.00
# Visual Studio Version 16
VisualStudioVersion = 16.0.31624.102
MinimumVisualStudioVersion = 10.0.40219.1
Project("{FAE04EC0-301F-11D3-BF4B-00C04F79EFBC}") = "Total commander", "Total commander.csproj", "{B98BF0C1-8E3E-4612-97FE-CD2D127C6AFE}"
EndProject
Global
	GlobalSection(SolutionConfigurationPlatforms) = preSolution
		Debug|Any CPU = Debug|Any CPU
		Release|Any CPU = Release|Any CPU
	EndGlobalSection
	GlobalSection(ProjectConfigurationPlatforms) = postSolution
		{B98BF0C1-8E3E-4612-97FE-CD2D127C6AFE}.Debug|Any CPU.ActiveCfg = Debug|Any CPU
		{B98BF0C1-8E3E-4612-97FE-CD2D127C6AFE}.Debug|Any CPU.Build.0 = Debug|Any CPU
		{B98BF0C1-8E3E-4612-97FE-CD2D127C6AFE}.Release|Any CPU.ActiveCfg = Release|Any CPU
		{B98BF0C1-8E3E-4612-97FE-CD2D127C6AFE}.Release|Any CPU.Build.0 = Release|Any CPU
	EndGlobalSection
	GlobalSection(SolutionProperties) = preSolution
		HideSolutionNode = FALSE
	EndGlobalSection
	GlobalSection(ExtensibilityGlobals) = postSolution
		SolutionGuid = {647783FD-6C46-4A8E-B808-3F421B5069EB}
	EndGlobalSection
EndGlobal
